
Microsoft Visual Studio Solution File, Format Version 12.00
# Visual Studio Version 16
VisualStudioVersion = 16.0.31624.102
MinimumVisualStudioVersion = 10.0.40219.1
Project("{FAE04EC0-301F-11D3-BF4B-00C04F79EFBC}") = "color ghost", "color ghost\color ghost.csproj", "{3E5A6A8A-114A-4CD5-9E7A-B100310A9372}"
EndProject
Global
	GlobalSection(SolutionConfigurationPlatforms) = preSolution
		Debug|Any CPU = Debug|Any CPU
		Release|Any CPU = Release|Any CPU
	EndGlobalSection
	GlobalSection(ProjectConfigurationPlatforms) = postSolution
		{3E5A6A8A-114A-4CD5-9E7A-B100310A9372}.Debug|Any CPU.ActiveCfg = Debug|Any CPU
		{3E5A6A8A-114A-4CD5-9E7A-B100310A9372}.Debug|Any CPU.Build.0 = Debug|Any CPU
		{3E5A6A8A-114A-4CD5-9E7A-B100310A9372}.Release|Any CPU.ActiveCfg = Release|Any CPU
		{3E5A6A8A-114A-4CD5-9E7A-B100310A9372}.Release|Any CPU.Build.0 = Release|Any CPU
	EndGlobalSection
	GlobalSection(SolutionProperties) = preSolution
		HideSolutionNode = FALSE
	EndGlobalSection
	GlobalSection(ExtensibilityGlobals) = postSolution
		SolutionGuid = {4B8CFCE0-15F9-4937-AC3E-D4514278AB1A}
	EndGlobalSection
EndGlobal
